
Microsoft Visual Studio Solution File, Format Version 12.00
# Visual Studio Version 16
VisualStudioVersion = 16.0.31129.286
MinimumVisualStudioVersion = 10.0.40219.1
Project("{FAE04EC0-301F-11D3-BF4B-00C04F79EFBC}") = "AulasDotNet", "AulasDotNet\AulasDotNet.csproj", "{C8C52941-7735-471E-A0BE-76CAFDA04551}"
EndProject
Global
	GlobalSection(SolutionConfigurationPlatforms) = preSolution
		Debug|Any CPU = Debug|Any CPU
		Release|Any CPU = Release|Any CPU
	EndGlobalSection
	GlobalSection(ProjectConfigurationPlatforms) = postSolution
		{C8C52941-7735-471E-A0BE-76CAFDA04551}.Debug|Any CPU.ActiveCfg = Debug|Any CPU
		{C8C52941-7735-471E-A0BE-76CAFDA04551}.Debug|Any CPU.Build.0 = Debug|Any CPU
		{C8C52941-7735-471E-A0BE-76CAFDA04551}.Release|Any CPU.ActiveCfg = Release|Any CPU
		{C8C52941-7735-471E-A0BE-76CAFDA04551}.Release|Any CPU.Build.0 = Release|Any CPU
	EndGlobalSection
	GlobalSection(SolutionProperties) = preSolution
		HideSolutionNode = FALSE
	EndGlobalSection
	GlobalSection(ExtensibilityGlobals) = postSolution
		SolutionGuid = {888CAA54-BCC5-46FE-8CC4-F2304267D0FF}
	EndGlobalSection
EndGlobal
